
Microsoft Visual Studio Solution File, Format Version 12.00
# Visual Studio Version 17
VisualStudioVersion = 17.5.33530.505
MinimumVisualStudioVersion = 10.0.40219.1
Project("{FAE04EC0-301F-11D3-BF4B-00C04F79EFBC}") = "UrlFiller", "UrlFiller.csproj", "{3FCF2FFF-CD6B-4094-9B54-ED3C79571BD9}"
EndProject
Project("{FAE04EC0-301F-11D3-BF4B-00C04F79EFBC}") = "TestUrlFiller", "..\TestUrlFiller\TestUrlFiller.csproj", "{BBDE3542-AEF7-4ADE-ADE0-2F213B5D8980}"
EndProject
Global
	GlobalSection(SolutionConfigurationPlatforms) = preSolution
		Debug|Any CPU = Debug|Any CPU
		Release|Any CPU = Release|Any CPU
	EndGlobalSection
	GlobalSection(ProjectConfigurationPlatforms) = postSolution
		{3FCF2FFF-CD6B-4094-9B54-ED3C79571BD9}.Debug|Any CPU.ActiveCfg = Debug|Any CPU
		{3FCF2FFF-CD6B-4094-9B54-ED3C79571BD9}.Debug|Any CPU.Build.0 = Debug|Any CPU
		{3FCF2FFF-CD6B-4094-9B54-ED3C79571BD9}.Release|Any CPU.ActiveCfg = Release|Any CPU
		{3FCF2FFF-CD6B-4094-9B54-ED3C79571BD9}.Release|Any CPU.Build.0 = Release|Any CPU
		{BBDE3542-AEF7-4ADE-ADE0-2F213B5D8980}.Debug|Any CPU.ActiveCfg = Debug|Any CPU
		{BBDE3542-AEF7-4ADE-ADE0-2F213B5D8980}.Debug|Any CPU.Build.0 = Debug|Any CPU
		{BBDE3542-AEF7-4ADE-ADE0-2F213B5D8980}.Release|Any CPU.ActiveCfg = Release|Any CPU
		{BBDE3542-AEF7-4ADE-ADE0-2F213B5D8980}.Release|Any CPU.Build.0 = Release|Any CPU
	EndGlobalSection
	GlobalSection(SolutionProperties) = preSolution
		HideSolutionNode = FALSE
	EndGlobalSection
	GlobalSection(ExtensibilityGlobals) = postSolution
		SolutionGuid = {2EE389FF-14BC-46FD-A8AD-18CB639F2932}
	EndGlobalSection
EndGlobal
